Microsoft Visual Studio Solution File, Format Version 12.00
# Visual Studio Version 17
VisualStudioVersion = 17.0.31611.283
MinimumVisualStudioVersion = 10.0.40219.1
Project("{9A19103F-16F7-4668-BE54-9A1E7A4F7556}") = "Blackbird", "Blackbird\Blackbird.csproj", "{979CAFF1-95FF-4CA0-BB9C-331E906D0691}"
EndProject
Project("{9A19103F-16F7-4668-BE54-9A1E7A4F7556}") = "Blackbird.Application", "Blackbird.Application\Blackbird.Application.csproj", "{BEA1A457-E849-49EF-8ED3-9DD54E14DDB9}"
EndProject
Project("{9A19103F-16F7-4668-BE54-9A1E7A4F7556}") = "Blackbird.Domain", "Blackbird.Domain\Blackbird.Domain.csproj", "{44C7E18D-85B8-4B65-B83C-50528A580DDB}"
EndProject
Project("{9A19103F-16F7-4668-BE54-9A1E7A4F7556}") = "Blackbird.Persistence", "Blackbird.Infrastructure\Blackbird.Persistence.csproj", "{B81099BB-CE12-48F3-943F-9C9CC0AD0727}"
EndProject
Project("{2150E333-8FDC-42A3-9474-1A3956D46DE8}") = "test", "test", "{04A93AA1-49CA-4CEF-AC0E-D25BC6FBCAED}"
EndProject
Project("{2150E333-8FDC-42A3-9474-1A3956D46DE8}") = "src", "src", "{859A3461-B6D2-4411-AEC7-857063AD98A0}"
EndProject
Project("{9A19103F-16F7-4668-BE54-9A1E7A4F7556}") = "Blackbird.Domain.Tests", "Blackbird.Domain.Tests\Blackbird.Domain.Tests.csproj", "{01EBFBA0-560A-4368-A4CD-996C8A3AB44D}"
EndProject
Project("{2150E333-8FDC-42A3-9474-1A3956D46DE8}") = "UI", "UI", "{4FB0E9DE-D08C-45D6-9A5A-AA8E9BCC3E64}"
EndProject
Project("{2150E333-8FDC-42A3-9474-1A3956D46DE8}") = "Core", "Core", "{99AEB063-0B79-4FB8-AE13-E7FCD855E0BE}"
EndProject
Project("{2150E333-8FDC-42A3-9474-1A3956D46DE8}") = "Infrastructure", "Infrastructure", "{3F211A6C-2BA7-4AC0-B462-734582039B1B}"
EndProject
Project("{2150E333-8FDC-42A3-9474-1A3956D46DE8}") = "API", "API", "{122D2916-A143-4E09-9F11-3F3BC1B5F252}"
EndProject
Project("{9A19103F-16F7-4668-BE54-9A1E7A4F7556}") = "Blackbird.WebApi", "Blackbird.WebApi\Blackbird.WebApi.csproj", "{14DD1619-6439-4E40-AE06-4313D84C9240}"
EndProject
Project("{FAE04EC0-301F-11D3-BF4B-00C04F79EFBC}") = "Blackbird.Application.Tests", "Blackbird.Application.Tests\Blackbird.Application.Tests.csproj", "{A91A4397-1C75-4C7A-8847-81447E21894E}"
EndProject
Project("{FAE04EC0-301F-11D3-BF4B-00C04F79EFBC}") = "Blackbird.Application.Integration.Tests", "Blackbird.Application.Integration.Tests\Blackbird.Application.Integration.Tests.csproj", "{45CE7742-2D45-4291-8A36-E25C8C3538A6}"
EndProject
Global
	GlobalSection(SolutionConfigurationPlatforms) = preSolution
		Debug|Any CPU = Debug|Any CPU
		Release|Any CPU = Release|Any CPU
	EndGlobalSection
	GlobalSection(ProjectConfigurationPlatforms) = postSolution
		{979CAFF1-95FF-4CA0-BB9C-331E906D0691}.Debug|Any CPU.ActiveCfg = Debug|Any CPU
		{979CAFF1-95FF-4CA0-BB9C-331E906D0691}.Debug|Any CPU.Build.0 = Debug|Any CPU
		{979CAFF1-95FF-4CA0-BB9C-331E906D0691}.Debug|Any CPU.Deploy.0 = Debug|Any CPU
		{979CAFF1-95FF-4CA0-BB9C-331E906D0691}.Release|Any CPU.ActiveCfg = Release|Any CPU
		{979CAFF1-95FF-4CA0-BB9C-331E906D0691}.Release|Any CPU.Build.0 = Release|Any CPU
		{979CAFF1-95FF-4CA0-BB9C-331E906D0691}.Release|Any CPU.Deploy.0 = Release|Any CPU
		{BEA1A457-E849-49EF-8ED3-9DD54E14DDB9}.Debug|Any CPU.ActiveCfg = Debug|Any CPU
		{BEA1A457-E849-49EF-8ED3-9DD54E14DDB9}.Debug|Any CPU.Build.0 = Debug|Any CPU
		{BEA1A457-E849-49EF-8ED3-9DD54E14DDB9}.Release|Any CPU.ActiveCfg = Release|Any CPU
		{BEA1A457-E849-49EF-8ED3-9DD54E14DDB9}.Release|Any CPU.Build.0 = Release|Any CPU
		{44C7E18D-85B8-4B65-B83C-50528A580DDB}.Debug|Any CPU.ActiveCfg = Debug|Any CPU
		{44C7E18D-85B8-4B65-B83C-50528A580DDB}.Debug|Any CPU.Build.0 = Debug|Any CPU
		{44C7E18D-85B8-4B65-B83C-50528A580DDB}.Release|Any CPU.ActiveCfg = Release|Any CPU
		{44C7E18D-85B8-4B65-B83C-50528A580DDB}.Release|Any CPU.Build.0 = Release|Any CPU
		{B81099BB-CE12-48F3-943F-9C9CC0AD0727}.Debug|Any CPU.ActiveCfg = Debug|Any CPU
		{B81099BB-CE12-48F3-943F-9C9CC0AD0727}.Debug|Any CPU.Build.0 = Debug|Any CPU
		{B81099BB-CE12-48F3-943F-9C9CC0AD0727}.Release|Any CPU.ActiveCfg = Release|Any CPU
		{B81099BB-CE12-48F3-943F-9C9CC0AD0727}.Release|Any CPU.Build.0 = Release|Any CPU
		{01EBFBA0-560A-4368-A4CD-996C8A3AB44D}.Debug|Any CPU.ActiveCfg = Debug|Any CPU
		{01EBFBA0-560A-4368-A4CD-996C8A3AB44D}.Debug|Any CPU.Build.0 = Debug|Any CPU
		{01EBFBA0-560A-4368-A4CD-996C8A3AB44D}.Release|Any CPU.ActiveCfg = Release|Any CPU
		{01EBFBA0-560A-4368-A4CD-996C8A3AB44D}.Release|Any CPU.Build.0 = Release|Any CPU
		{14DD1619-6439-4E40-AE06-4313D84C9240}.Debug|Any CPU.ActiveCfg = Debug|Any CPU
		{14DD1619-6439-4E40-AE06-4313D84C9240}.Debug|Any CPU.Build.0 = Debug|Any CPU
		{14DD1619-6439-4E40-AE06-4313D84C9240}.Release|Any CPU.ActiveCfg = Release|Any CPU
		{14DD1619-6439-4E40-AE06-4313D84C9240}.Release|Any CPU.Build.0 = Release|Any CPU
		{A91A4397-1C75-4C7A-8847-81447E21894E}.Debug|Any CPU.ActiveCfg = Debug|Any CPU
		{A91A4397-1C75-4C7A-8847-81447E21894E}.Debug|Any CPU.Build.0 = Debug|Any CPU
		{A91A4397-1C75-4C7A-8847-81447E21894E}.Release|Any CPU.ActiveCfg = Release|Any CPU
		{A91A4397-1C75-4C7A-8847-81447E21894E}.Release|Any CPU.Build.0 = Release|Any CPU
		{45CE7742-2D45-4291-8A36-E25C8C3538A6}.Debug|Any CPU.ActiveCfg = Debug|Any CPU
		{45CE7742-2D45-4291-8A36-E25C8C3538A6}.Debug|Any CPU.Build.0 = Debug|Any CPU
		{45CE7742-2D45-4291-8A36-E25C8C3538A6}.Release|Any CPU.ActiveCfg = Release|Any CPU
		{45CE7742-2D45-4291-8A36-E25C8C3538A6}.Release|Any CPU.Build.0 = Release|Any CPU
	EndGlobalSection
	GlobalSection(SolutionProperties) = preSolution
		HideSolutionNode = FALSE
	EndGlobalSection
	GlobalSection(NestedProjects) = preSolution
		{979CAFF1-95FF-4CA0-BB9C-331E906D0691} = {4FB0E9DE-D08C-45D6-9A5A-AA8E9BCC3E64}
		{BEA1A457-E849-49EF-8ED3-9DD54E14DDB9} = {99AEB063-0B79-4FB8-AE13-E7FCD855E0BE}
		{44C7E18D-85B8-4B65-B83C-50528A580DDB} = {99AEB063-0B79-4FB8-AE13-E7FCD855E0BE}
		{B81099BB-CE12-48F3-943F-9C9CC0AD0727} = {3F211A6C-2BA7-4AC0-B462-734582039B1B}
		{01EBFBA0-560A-4368-A4CD-996C8A3AB44D} = {04A93AA1-49CA-4CEF-AC0E-D25BC6FBCAED}
		{4FB0E9DE-D08C-45D6-9A5A-AA8E9BCC3E64} = {859A3461-B6D2-4411-AEC7-857063AD98A0}
		{99AEB063-0B79-4FB8-AE13-E7FCD855E0BE} = {859A3461-B6D2-4411-AEC7-857063AD98A0}
		{3F211A6C-2BA7-4AC0-B462-734582039B1B} = {859A3461-B6D2-4411-AEC7-857063AD98A0}
		{122D2916-A143-4E09-9F11-3F3BC1B5F252} = {859A3461-B6D2-4411-AEC7-857063AD98A0}
		{14DD1619-6439-4E40-AE06-4313D84C9240} = {122D2916-A143-4E09-9F11-3F3BC1B5F252}
		{A91A4397-1C75-4C7A-8847-81447E21894E} = {04A93AA1-49CA-4CEF-AC0E-D25BC6FBCAED}
		{45CE7742-2D45-4291-8A36-E25C8C3538A6} = {04A93AA1-49CA-4CEF-AC0E-D25BC6FBCAED}
	EndGlobalSection
	GlobalSection(ExtensibilityGlobals) = postSolution
		        SolutionGuid = {61F7FB11-1E47-470C-91E2-47F8143E1572}
		SolutionGuid = {34E93D85-6C6B-48E7-AF8F-3989190860E2}
	EndGlobalSection
EndGlobal
